
Microsoft Visual Studio Solution File, Format Version 12.00
# Visual Studio Version 16
VisualStudioVersion = 16.0.29926.136
MinimumVisualStudioVersion = 10.0.40219.1
Project("{8BC9CEB8-8B4A-11D0-8D11-00A0C91BC942}") = "40강 미로게임 폭탄설치 및 폭파", "40강 미로게임 폭탄설치 및 폭파\40강 미로게임 폭탄설치 및 폭파.vcxproj", "{775DA342-0327-4557-A879-BC55A27C75F4}"
EndProject
Global
	GlobalSection(SolutionConfigurationPlatforms) = preSolution
		Debug|x64 = Debug|x64
		Debug|x86 = Debug|x86
		Release|x64 = Release|x64
		Release|x86 = Release|x86
	EndGlobalSection
	GlobalSection(ProjectConfigurationPlatforms) = postSolution
		{775DA342-0327-4557-A879-BC55A27C75F4}.Debug|x64.ActiveCfg = Debug|x64
		{775DA342-0327-4557-A879-BC55A27C75F4}.Debug|x64.Build.0 = Debug|x64
		{775DA342-0327-4557-A879-BC55A27C75F4}.Debug|x86.ActiveCfg = Debug|Win32
		{775DA342-0327-4557-A879-BC55A27C75F4}.Debug|x86.Build.0 = Debug|Win32
		{775DA342-0327-4557-A879-BC55A27C75F4}.Release|x64.ActiveCfg = Release|x64
		{775DA342-0327-4557-A879-BC55A27C75F4}.Release|x64.Build.0 = Release|x64
		{775DA342-0327-4557-A879-BC55A27C75F4}.Release|x86.ActiveCfg = Release|Win32
		{775DA342-0327-4557-A879-BC55A27C75F4}.Release|x86.Build.0 = Release|Win32
	EndGlobalSection
	GlobalSection(SolutionProperties) = preSolution
		HideSolutionNode = FALSE
	EndGlobalSection
	GlobalSection(ExtensibilityGlobals) = postSolution
		SolutionGuid = {CD94A559-FD07-4AED-87A9-CC11858DB6B1}
	EndGlobalSection
EndGlobal
