
Microsoft Visual Studio Solution File, Format Version 12.00
# Visual Studio Version 16
VisualStudioVersion = 16.0.29926.136
MinimumVisualStudioVersion = 10.0.40219.1
Project("{8BC9CEB8-8B4A-11D0-8D11-00A0C91BC942}") = "35강 TextRPG함수 바꾸기 해설편", "35강 TextRPG함수 바꾸기 해설편\35강 TextRPG함수 바꾸기 해설편.vcxproj", "{3996A102-C743-4564-B2D3-CF863E2CEB03}"
EndProject
Global
	GlobalSection(SolutionConfigurationPlatforms) = preSolution
		Debug|x64 = Debug|x64
		Debug|x86 = Debug|x86
		Release|x64 = Release|x64
		Release|x86 = Release|x86
	EndGlobalSection
	GlobalSection(ProjectConfigurationPlatforms) = postSolution
		{3996A102-C743-4564-B2D3-CF863E2CEB03}.Debug|x64.ActiveCfg = Debug|x64
		{3996A102-C743-4564-B2D3-CF863E2CEB03}.Debug|x64.Build.0 = Debug|x64
		{3996A102-C743-4564-B2D3-CF863E2CEB03}.Debug|x86.ActiveCfg = Debug|Win32
		{3996A102-C743-4564-B2D3-CF863E2CEB03}.Debug|x86.Build.0 = Debug|Win32
		{3996A102-C743-4564-B2D3-CF863E2CEB03}.Release|x64.ActiveCfg = Release|x64
		{3996A102-C743-4564-B2D3-CF863E2CEB03}.Release|x64.Build.0 = Release|x64
		{3996A102-C743-4564-B2D3-CF863E2CEB03}.Release|x86.ActiveCfg = Release|Win32
		{3996A102-C743-4564-B2D3-CF863E2CEB03}.Release|x86.Build.0 = Release|Win32
	EndGlobalSection
	GlobalSection(SolutionProperties) = preSolution
		HideSolutionNode = FALSE
	EndGlobalSection
	GlobalSection(ExtensibilityGlobals) = postSolution
		SolutionGuid = {DF8BCC40-19BA-4F88-8480-19748A540E76}
	EndGlobalSection
EndGlobal
